
Microsoft Visual Studio Solution File, Format Version 12.00
# Visual Studio 14
VisualStudioVersion = 14.0.25420.1
MinimumVisualStudioVersion = 10.0.40219.1
Project("{FAE04EC0-301F-11D3-BF4B-00C04F79EFBC}") = "WowData.Droid", "WowData\WowData.Droid\WowData.Droid.csproj", "{CBB7433C-39A6-46B2-99C8-EDDB7871D0AF}"
EndProject
Project("{FAE04EC0-301F-11D3-BF4B-00C04F79EFBC}") = "WowData.iOS", "WowData\WowData.iOS\WowData.iOS.csproj", "{D5A1CCD6-DBEA-47C1-989F-BABD33C50EB5}"
EndProject
Project("{FAE04EC0-301F-11D3-BF4B-00C04F79EFBC}") = "WowData.UWP", "WowData\WowData.UWP\WowData.UWP.csproj", "{BE8035E6-F8CA-4587-8AA9-E8BD96ECFA71}"
EndProject
Project("{FAE04EC0-301F-11D3-BF4B-00C04F79EFBC}") = "WowData", "WowData\WowData\WowData.csproj", "{AEFB5D53-7096-4BFB-AEA6-A2D7C13094AD}"
EndProject
Project("{FAE04EC0-301F-11D3-BF4B-00C04F79EFBC}") = "WowDroid.UITest.Android", "WowDroid.UITest.Android\WowDroid.UITest.Android.csproj", "{F4889915-2ADE-483F-8104-5BCA51B654E6}"
EndProject
Project("{2150E333-8FDC-42A3-9474-1A3956D46DE8}") = "Tests", "Tests", "{F940A781-D4A4-4C57-8734-CFD6D30241CB}"
EndProject
Global
	GlobalSection(SolutionConfigurationPlatforms) = preSolution
		Ad-Hoc|Any CPU = Ad-Hoc|Any CPU
		Ad-Hoc|ARM = Ad-Hoc|ARM
		Ad-Hoc|iPhone = Ad-Hoc|iPhone
		Ad-Hoc|iPhoneSimulator = Ad-Hoc|iPhoneSimulator
		Ad-Hoc|x64 = Ad-Hoc|x64
		Ad-Hoc|x86 = Ad-Hoc|x86
		AppStore|Any CPU = AppStore|Any CPU
		AppStore|ARM = AppStore|ARM
		AppStore|iPhone = AppStore|iPhone
		AppStore|iPhoneSimulator = AppStore|iPhoneSimulator
		AppStore|x64 = AppStore|x64
		AppStore|x86 = AppStore|x86
		Debug|Any CPU = Debug|Any CPU
		Debug|ARM = Debug|ARM
		Debug|iPhone = Debug|iPhone
		Debug|iPhoneSimulator = Debug|iPhoneSimulator
		Debug|x64 = Debug|x64
		Debug|x86 = Debug|x86
		Release|Any CPU = Release|Any CPU
		Release|ARM = Release|ARM
		Release|iPhone = Release|iPhone
		Release|iPhoneSimulator = Release|iPhoneSimulator
		Release|x64 = Release|x64
		Release|x86 = Release|x86
	EndGlobalSection
	GlobalSection(ProjectConfigurationPlatforms) = postSolution
		{CBB7433C-39A6-46B2-99C8-EDDB7871D0AF}.Ad-Hoc|Any CPU.ActiveCfg = Release|Any CPU
		{CBB7433C-39A6-46B2-99C8-EDDB7871D0AF}.Ad-Hoc|Any CPU.Build.0 = Release|Any CPU
		{CBB7433C-39A6-46B2-99C8-EDDB7871D0AF}.Ad-Hoc|Any CPU.Deploy.0 = Release|Any CPU
		{CBB7433C-39A6-46B2-99C8-EDDB7871D0AF}.Ad-Hoc|ARM.ActiveCfg = Release|Any CPU
		{CBB7433C-39A6-46B2-99C8-EDDB7871D0AF}.Ad-Hoc|ARM.Build.0 = Release|Any CPU
		{CBB7433C-39A6-46B2-99C8-EDDB7871D0AF}.Ad-Hoc|ARM.Deploy.0 = Release|Any CPU
		{CBB7433C-39A6-46B2-99C8-EDDB7871D0AF}.Ad-Hoc|iPhone.ActiveCfg = Release|Any CPU
		{CBB7433C-39A6-46B2-99C8-EDDB7871D0AF}.Ad-Hoc|iPhone.Build.0 = Release|Any CPU
		{CBB7433C-39A6-46B2-99C8-EDDB7871D0AF}.Ad-Hoc|iPhone.Deploy.0 = Release|Any CPU
		{CBB7433C-39A6-46B2-99C8-EDDB7871D0AF}.Ad-Hoc|iPhoneSimulator.ActiveCfg = Release|Any CPU
		{CBB7433C-39A6-46B2-99C8-EDDB7871D0AF}.Ad-Hoc|iPhoneSimulator.Build.0 = Release|Any CPU
		{CBB7433C-39A6-46B2-99C8-EDDB7871D0AF}.Ad-Hoc|iPhoneSimulator.Deploy.0 = Release|Any CPU
		{CBB7433C-39A6-46B2-99C8-EDDB7871D0AF}.Ad-Hoc|x64.ActiveCfg = Release|Any CPU
		{CBB7433C-39A6-46B2-99C8-EDDB7871D0AF}.Ad-Hoc|x64.Build.0 = Release|Any CPU
		{CBB7433C-39A6-46B2-99C8-EDDB7871D0AF}.Ad-Hoc|x64.Deploy.0 = Release|Any CPU
		{CBB7433C-39A6-46B2-99C8-EDDB7871D0AF}.Ad-Hoc|x86.ActiveCfg = Release|Any CPU
		{CBB7433C-39A6-46B2-99C8-EDDB7871D0AF}.Ad-Hoc|x86.Build.0 = Release|Any CPU
		{CBB7433C-39A6-46B2-99C8-EDDB7871D0AF}.Ad-Hoc|x86.Deploy.0 = Release|Any CPU
		{CBB7433C-39A6-46B2-99C8-EDDB7871D0AF}.AppStore|Any CPU.ActiveCfg = Release|Any CPU
		{CBB7433C-39A6-46B2-99C8-EDDB7871D0AF}.AppStore|Any CPU.Build.0 = Release|Any CPU
		{CBB7433C-39A6-46B2-99C8-EDDB7871D0AF}.AppStore|Any CPU.Deploy.0 = Release|Any CPU
		{CBB7433C-39A6-46B2-99C8-EDDB7871D0AF}.AppStore|ARM.ActiveCfg = Release|Any CPU
		{CBB7433C-39A6-46B2-99C8-EDDB7871D0AF}.AppStore|ARM.Build.0 = Release|Any CPU
		{CBB7433C-39A6-46B2-99C8-EDDB7871D0AF}.AppStore|ARM.Deploy.0 = Release|Any CPU
		{CBB7433C-39A6-46B2-99C8-EDDB7871D0AF}.AppStore|iPhone.ActiveCfg = Release|Any CPU
		{CBB7433C-39A6-46B2-99C8-EDDB7871D0AF}.AppStore|iPhone.Build.0 = Release|Any CPU
		{CBB7433C-39A6-46B2-99C8-EDDB7871D0AF}.AppStore|iPhone.Deploy.0 = Release|Any CPU
		{CBB7433C-39A6-46B2-99C8-EDDB7871D0AF}.AppStore|iPhoneSimulator.ActiveCfg = Release|Any CPU
		{CBB7433C-39A6-46B2-99C8-EDDB7871D0AF}.AppStore|iPhoneSimulator.Build.0 = Release|Any CPU
		{CBB7433C-39A6-46B2-99C8-EDDB7871D0AF}.AppStore|iPhoneSimulator.Deploy.0 = Release|Any CPU
		{CBB7433C-39A6-46B2-99C8-EDDB7871D0AF}.AppStore|x64.ActiveCfg = Release|Any CPU
		{CBB7433C-39A6-46B2-99C8-EDDB7871D0AF}.AppStore|x64.Build.0 = Release|Any CPU
		{CBB7433C-39A6-46B2-99C8-EDDB7871D0AF}.AppStore|x64.Deploy.0 = Release|Any CPU
		{CBB7433C-39A6-46B2-99C8-EDDB7871D0AF}.AppStore|x86.ActiveCfg = Release|Any CPU
		{CBB7433C-39A6-46B2-99C8-EDDB7871D0AF}.AppStore|x86.Build.0 = Release|Any CPU
		{CBB7433C-39A6-46B2-99C8-EDDB7871D0AF}.AppStore|x86.Deploy.0 = Release|Any CPU
		{CBB7433C-39A6-46B2-99C8-EDDB7871D0AF}.Debug|Any CPU.ActiveCfg = Debug|Any CPU
		{CBB7433C-39A6-46B2-99C8-EDDB7871D0AF}.Debug|Any CPU.Build.0 = Debug|Any CPU
		{CBB7433C-39A6-46B2-99C8-EDDB7871D0AF}.Debug|Any CPU.Deploy.0 = Debug|Any CPU
		{CBB7433C-39A6-46B2-99C8-EDDB7871D0AF}.Debug|ARM.ActiveCfg = Debug|Any CPU
		{CBB7433C-39A6-46B2-99C8-EDDB7871D0AF}.Debug|ARM.Build.0 = Debug|Any CPU
		{CBB7433C-39A6-46B2-99C8-EDDB7871D0AF}.Debug|ARM.Deploy.0 = Debug|Any CPU
		{CBB7433C-39A6-46B2-99C8-EDDB7871D0AF}.Debug|iPhone.ActiveCfg = Debug|Any CPU
		{CBB7433C-39A6-46B2-99C8-EDDB7871D0AF}.Debug|iPhone.Build.0 = Debug|Any CPU
		{CBB7433C-39A6-46B2-99C8-EDDB7871D0AF}.Debug|iPhone.Deploy.0 = Debug|Any CPU
		{CBB7433C-39A6-46B2-99C8-EDDB7871D0AF}.Debug|iPhoneSimulator.ActiveCfg = Debug|Any CPU
		{CBB7433C-39A6-46B2-99C8-EDDB7871D0AF}.Debug|iPhoneSimulator.Build.0 = Debug|Any CPU
		{CBB7433C-39A6-46B2-99C8-EDDB7871D0AF}.Debug|iPhoneSimulator.Deploy.0 = Debug|Any CPU
		{CBB7433C-39A6-46B2-99C8-EDDB7871D0AF}.Debug|x64.ActiveCfg = Debug|Any CPU
		{CBB7433C-39A6-46B2-99C8-EDDB7871D0AF}.Debug|x64.Build.0 = Debug|Any CPU
		{CBB7433C-39A6-46B2-99C8-EDDB7871D0AF}.Debug|x64.Deploy.0 = Debug|Any CPU
		{CBB7433C-39A6-46B2-99C8-EDDB7871D0AF}.Debug|x86.ActiveCfg = Debug|Any CPU
		{CBB7433C-39A6-46B2-99C8-EDDB7871D0AF}.Debug|x86.Build.0 = Debug|Any CPU
		{CBB7433C-39A6-46B2-99C8-EDDB7871D0AF}.Debug|x86.Deploy.0 = Debug|Any CPU
		{CBB7433C-39A6-46B2-99C8-EDDB7871D0AF}.Release|Any CPU.ActiveCfg = Release|Any CPU
		{CBB7433C-39A6-46B2-99C8-EDDB7871D0AF}.Release|Any CPU.Build.0 = Release|Any CPU
		{CBB7433C-39A6-46B2-99C8-EDDB7871D0AF}.Release|Any CPU.Deploy.0 = Release|Any CPU
		{CBB7433C-39A6-46B2-99C8-EDDB7871D0AF}.Release|ARM.ActiveCfg = Release|Any CPU
		{CBB7433C-39A6-46B2-99C8-EDDB7871D0AF}.Release|ARM.Build.0 = Release|Any CPU
		{CBB7433C-39A6-46B2-99C8-EDDB7871D0AF}.Release|ARM.Deploy.0 = Release|Any CPU
		{CBB7433C-39A6-46B2-99C8-EDDB7871D0AF}.Release|iPhone.ActiveCfg = Release|Any CPU
		{CBB7433C-39A6-46B2-99C8-EDDB7871D0AF}.Release|iPhone.Build.0 = Release|Any CPU
		{CBB7433C-39A6-46B2-99C8-EDDB7871D0AF}.Release|iPhone.Deploy.0 = Release|Any CPU
		{CBB7433C-39A6-46B2-99C8-EDDB7871D0AF}.Release|iPhoneSimulator.ActiveCfg = Release|Any CPU
		{CBB7433C-39A6-46B2-99C8-EDDB7871D0AF}.Release|iPhoneSimulator.Build.0 = Release|Any CPU
		{CBB7433C-39A6-46B2-99C8-EDDB7871D0AF}.Release|iPhoneSimulator.Deploy.0 = Release|Any CPU
		{CBB7433C-39A6-46B2-99C8-EDDB7871D0AF}.Release|x64.ActiveCfg = Release|Any CPU
		{CBB7433C-39A6-46B2-99C8-EDDB7871D0AF}.Release|x64.Build.0 = Release|Any CPU
		{CBB7433C-39A6-46B2-99C8-EDDB7871D0AF}.Release|x64.Deploy.0 = Release|Any CPU
		{CBB7433C-39A6-46B2-99C8-EDDB7871D0AF}.Release|x86.ActiveCfg = Release|Any CPU
		{CBB7433C-39A6-46B2-99C8-EDDB7871D0AF}.Release|x86.Build.0 = Release|Any CPU
		{CBB7433C-39A6-46B2-99C8-EDDB7871D0AF}.Release|x86.Deploy.0 = Release|Any CPU
		{D5A1CCD6-DBEA-47C1-989F-BABD33C50EB5}.Ad-Hoc|Any CPU.ActiveCfg = Ad-Hoc|iPhone
		{D5A1CCD6-DBEA-47C1-989F-BABD33C50EB5}.Ad-Hoc|ARM.ActiveCfg = Ad-Hoc|iPhone
		{D5A1CCD6-DBEA-47C1-989F-BABD33C50EB5}.Ad-Hoc|iPhone.ActiveCfg = Ad-Hoc|iPhone
		{D5A1CCD6-DBEA-47C1-989F-BABD33C50EB5}.Ad-Hoc|iPhone.Build.0 = Ad-Hoc|iPhone
		{D5A1CCD6-DBEA-47C1-989F-BABD33C50EB5}.Ad-Hoc|iPhoneSimulator.ActiveCfg = Ad-Hoc|iPhoneSimulator
		{D5A1CCD6-DBEA-47C1-989F-BABD33C50EB5}.Ad-Hoc|iPhoneSimulator.Build.0 = Ad-Hoc|iPhoneSimulator
		{D5A1CCD6-DBEA-47C1-989F-BABD33C50EB5}.Ad-Hoc|x64.ActiveCfg = Ad-Hoc|iPhone
		{D5A1CCD6-DBEA-47C1-989F-BABD33C50EB5}.Ad-Hoc|x86.ActiveCfg = Ad-Hoc|iPhone
		{D5A1CCD6-DBEA-47C1-989F-BABD33C50EB5}.AppStore|Any CPU.ActiveCfg = AppStore|iPhone
		{D5A1CCD6-DBEA-47C1-989F-BABD33C50EB5}.AppStore|ARM.ActiveCfg = AppStore|iPhone
		{D5A1CCD6-DBEA-47C1-989F-BABD33C50EB5}.AppStore|iPhone.ActiveCfg = AppStore|iPhone
		{D5A1CCD6-DBEA-47C1-989F-BABD33C50EB5}.AppStore|iPhone.Build.0 = AppStore|iPhone
		{D5A1CCD6-DBEA-47C1-989F-BABD33C50EB5}.AppStore|iPhoneSimulator.ActiveCfg = AppStore|iPhoneSimulator
		{D5A1CCD6-DBEA-47C1-989F-BABD33C50EB5}.AppStore|iPhoneSimulator.Build.0 = AppStore|iPhoneSimulator
		{D5A1CCD6-DBEA-47C1-989F-BABD33C50EB5}.AppStore|x64.ActiveCfg = AppStore|iPhone
		{D5A1CCD6-DBEA-47C1-989F-BABD33C50EB5}.AppStore|x86.ActiveCfg = AppStore|iPhone
		{D5A1CCD6-DBEA-47C1-989F-BABD33C50EB5}.Debug|Any CPU.ActiveCfg = Debug|iPhone
		{D5A1CCD6-DBEA-47C1-989F-BABD33C50EB5}.Debug|ARM.ActiveCfg = Debug|iPhone
		{D5A1CCD6-DBEA-47C1-989F-BABD33C50EB5}.Debug|iPhone.ActiveCfg = Debug|iPhone
		{D5A1CCD6-DBEA-47C1-989F-BABD33C50EB5}.Debug|iPhone.Build.0 = Debug|iPhone
		{D5A1CCD6-DBEA-47C1-989F-BABD33C50EB5}.Debug|iPhoneSimulator.ActiveCfg = Debug|iPhoneSimulator
		{D5A1CCD6-DBEA-47C1-989F-BABD33C50EB5}.Debug|iPhoneSimulator.Build.0 = Debug|iPhoneSimulator
		{D5A1CCD6-DBEA-47C1-989F-BABD33C50EB5}.Debug|x64.ActiveCfg = Debug|iPhone
		{D5A1CCD6-DBEA-47C1-989F-BABD33C50EB5}.Debug|x86.ActiveCfg = Debug|iPhone
		{D5A1CCD6-DBEA-47C1-989F-BABD33C50EB5}.Release|Any CPU.ActiveCfg = Release|iPhone
		{D5A1CCD6-DBEA-47C1-989F-BABD33C50EB5}.Release|ARM.ActiveCfg = Release|iPhone
		{D5A1CCD6-DBEA-47C1-989F-BABD33C50EB5}.Release|iPhone.ActiveCfg = Release|iPhone
		{D5A1CCD6-DBEA-47C1-989F-BABD33C50EB5}.Release|iPhone.Build.0 = Release|iPhone
		{D5A1CCD6-DBEA-47C1-989F-BABD33C50EB5}.Release|iPhoneSimulator.ActiveCfg = Release|iPhoneSimulator
		{D5A1CCD6-DBEA-47C1-989F-BABD33C50EB5}.Release|iPhoneSimulator.Build.0 = Release|iPhoneSimulator
		{D5A1CCD6-DBEA-47C1-989F-BABD33C50EB5}.Release|x64.ActiveCfg = Release|iPhone
		{D5A1CCD6-DBEA-47C1-989F-BABD33C50EB5}.Release|x86.ActiveCfg = Release|iPhone
		{BE8035E6-F8CA-4587-8AA9-E8BD96ECFA71}.Ad-Hoc|Any CPU.ActiveCfg = Release|x86
		{BE8035E6-F8CA-4587-8AA9-E8BD96ECFA71}.Ad-Hoc|Any CPU.Build.0 = Release|x86
		{BE8035E6-F8CA-4587-8AA9-E8BD96ECFA71}.Ad-Hoc|Any CPU.Deploy.0 = Release|x86
		{BE8035E6-F8CA-4587-8AA9-E8BD96ECFA71}.Ad-Hoc|ARM.ActiveCfg = Release|ARM
		{BE8035E6-F8CA-4587-8AA9-E8BD96ECFA71}.Ad-Hoc|ARM.Build.0 = Release|ARM
		{BE8035E6-F8CA-4587-8AA9-E8BD96ECFA71}.Ad-Hoc|ARM.Deploy.0 = Release|ARM
		{BE8035E6-F8CA-4587-8AA9-E8BD96ECFA71}.Ad-Hoc|iPhone.ActiveCfg = Release|x86
		{BE8035E6-F8CA-4587-8AA9-E8BD96ECFA71}.Ad-Hoc|iPhone.Build.0 = Release|x86
		{BE8035E6-F8CA-4587-8AA9-E8BD96ECFA71}.Ad-Hoc|iPhone.Deploy.0 = Release|x86
		{BE8035E6-F8CA-4587-8AA9-E8BD96ECFA71}.Ad-Hoc|iPhoneSimulator.ActiveCfg = Release|x86
		{BE8035E6-F8CA-4587-8AA9-E8BD96ECFA71}.Ad-Hoc|iPhoneSimulator.Build.0 = Release|x86
		{BE8035E6-F8CA-4587-8AA9-E8BD96ECFA71}.Ad-Hoc|iPhoneSimulator.Deploy.0 = Release|x86
		{BE8035E6-F8CA-4587-8AA9-E8BD96ECFA71}.Ad-Hoc|x64.ActiveCfg = Release|x64
		{BE8035E6-F8CA-4587-8AA9-E8BD96ECFA71}.Ad-Hoc|x64.Build.0 = Release|x64
		{BE8035E6-F8CA-4587-8AA9-E8BD96ECFA71}.Ad-Hoc|x64.Deploy.0 = Release|x64
		{BE8035E6-F8CA-4587-8AA9-E8BD96ECFA71}.Ad-Hoc|x86.ActiveCfg = Release|x86
		{BE8035E6-F8CA-4587-8AA9-E8BD96ECFA71}.Ad-Hoc|x86.Build.0 = Release|x86
		{BE8035E6-F8CA-4587-8AA9-E8BD96ECFA71}.Ad-Hoc|x86.Deploy.0 = Release|x86
		{BE8035E6-F8CA-4587-8AA9-E8BD96ECFA71}.AppStore|Any CPU.ActiveCfg = Release|x86
		{BE8035E6-F8CA-4587-8AA9-E8BD96ECFA71}.AppStore|Any CPU.Build.0 = Release|x86
		{BE8035E6-F8CA-4587-8AA9-E8BD96ECFA71}.AppStore|Any CPU.Deploy.0 = Release|x86
		{BE8035E6-F8CA-4587-8AA9-E8BD96ECFA71}.AppStore|ARM.ActiveCfg = Release|ARM
		{BE8035E6-F8CA-4587-8AA9-E8BD96ECFA71}.AppStore|ARM.Build.0 = Release|ARM
		{BE8035E6-F8CA-4587-8AA9-E8BD96ECFA71}.AppStore|ARM.Deploy.0 = Release|ARM
		{BE8035E6-F8CA-4587-8AA9-E8BD96ECFA71}.AppStore|iPhone.ActiveCfg = Release|x86
		{BE8035E6-F8CA-4587-8AA9-E8BD96ECFA71}.AppStore|iPhone.Build.0 = Release|x86
		{BE8035E6-F8CA-4587-8AA9-E8BD96ECFA71}.AppStore|iPhone.Deploy.0 = Release|x86
		{BE8035E6-F8CA-4587-8AA9-E8BD96ECFA71}.AppStore|iPhoneSimulator.ActiveCfg = Release|x86
		{BE8035E6-F8CA-4587-8AA9-E8BD96ECFA71}.AppStore|iPhoneSimulator.Build.0 = Release|x86
		{BE8035E6-F8CA-4587-8AA9-E8BD96ECFA71}.AppStore|iPhoneSimulator.Deploy.0 = Release|x86
		{BE8035E6-F8CA-4587-8AA9-E8BD96ECFA71}.AppStore|x64.ActiveCfg = Release|x64
		{BE8035E6-F8CA-4587-8AA9-E8BD96ECFA71}.AppStore|x64.Build.0 = Release|x64
		{BE8035E6-F8CA-4587-8AA9-E8BD96ECFA71}.AppStore|x64.Deploy.0 = Release|x64
		{BE8035E6-F8CA-4587-8AA9-E8BD96ECFA71}.AppStore|x86.ActiveCfg = Release|x86
		{BE8035E6-F8CA-4587-8AA9-E8BD96ECFA71}.AppStore|x86.Build.0 = Release|x86
		{BE8035E6-F8CA-4587-8AA9-E8BD96ECFA71}.AppStore|x86.Deploy.0 = Release|x86
		{BE8035E6-F8CA-4587-8AA9-E8BD96ECFA71}.Debug|Any CPU.ActiveCfg = Debug|x86
		{BE8035E6-F8CA-4587-8AA9-E8BD96ECFA71}.Debug|Any CPU.Build.0 = Debug|x86
		{BE8035E6-F8CA-4587-8AA9-E8BD96ECFA71}.Debug|Any CPU.Deploy.0 = Debug|x86
		{BE8035E6-F8CA-4587-8AA9-E8BD96ECFA71}.Debug|ARM.ActiveCfg = Debug|ARM
		{BE8035E6-F8CA-4587-8AA9-E8BD96ECFA71}.Debug|ARM.Build.0 = Debug|ARM
		{BE8035E6-F8CA-4587-8AA9-E8BD96ECFA71}.Debug|ARM.Deploy.0 = Debug|ARM
		{BE8035E6-F8CA-4587-8AA9-E8BD96ECFA71}.Debug|iPhone.ActiveCfg = Debug|x86
		{BE8035E6-F8CA-4587-8AA9-E8BD96ECFA71}.Debug|iPhoneSimulator.ActiveCfg = Debug|x86
		{BE8035E6-F8CA-4587-8AA9-E8BD96ECFA71}.Debug|x64.ActiveCfg = Debug|x64
		{BE8035E6-F8CA-4587-8AA9-E8BD96ECFA71}.Debug|x64.Build.0 = Debug|x64
		{BE8035E6-F8CA-4587-8AA9-E8BD96ECFA71}.Debug|x64.Deploy.0 = Debug|x64
		{BE8035E6-F8CA-4587-8AA9-E8BD96ECFA71}.Debug|x86.ActiveCfg = Debug|x86
		{BE8035E6-F8CA-4587-8AA9-E8BD96ECFA71}.Debug|x86.Build.0 = Debug|x86
		{BE8035E6-F8CA-4587-8AA9-E8BD96ECFA71}.Debug|x86.Deploy.0 = Debug|x86
		{BE8035E6-F8CA-4587-8AA9-E8BD96ECFA71}.Release|Any CPU.ActiveCfg = Release|x86
		{BE8035E6-F8CA-4587-8AA9-E8BD96ECFA71}.Release|ARM.ActiveCfg = Release|ARM
		{BE8035E6-F8CA-4587-8AA9-E8BD96ECFA71}.Release|ARM.Build.0 = Release|ARM
		{BE8035E6-F8CA-4587-8AA9-E8BD96ECFA71}.Release|ARM.Deploy.0 = Release|ARM
		{BE8035E6-F8CA-4587-8AA9-E8BD96ECFA71}.Release|iPhone.ActiveCfg = Release|x86
		{BE8035E6-F8CA-4587-8AA9-E8BD96ECFA71}.Release|iPhoneSimulator.ActiveCfg = Release|x86
		{BE8035E6-F8CA-4587-8AA9-E8BD96ECFA71}.Release|x64.ActiveCfg = Release|x64
		{BE8035E6-F8CA-4587-8AA9-E8BD96ECFA71}.Release|x64.Build.0 = Release|x64
		{BE8035E6-F8CA-4587-8AA9-E8BD96ECFA71}.Release|x64.Deploy.0 = Release|x64
		{BE8035E6-F8CA-4587-8AA9-E8BD96ECFA71}.Release|x86.ActiveCfg = Release|x86
		{BE8035E6-F8CA-4587-8AA9-E8BD96ECFA71}.Release|x86.Build.0 = Release|x86
		{BE8035E6-F8CA-4587-8AA9-E8BD96ECFA71}.Release|x86.Deploy.0 = Release|x86
		{AEFB5D53-7096-4BFB-AEA6-A2D7C13094AD}.Ad-Hoc|Any CPU.ActiveCfg = Release|Any CPU
		{AEFB5D53-7096-4BFB-AEA6-A2D7C13094AD}.Ad-Hoc|Any CPU.Build.0 = Release|Any CPU
		{AEFB5D53-7096-4BFB-AEA6-A2D7C13094AD}.Ad-Hoc|ARM.ActiveCfg = Release|Any CPU
		{AEFB5D53-7096-4BFB-AEA6-A2D7C13094AD}.Ad-Hoc|ARM.Build.0 = Release|Any CPU
		{AEFB5D53-7096-4BFB-AEA6-A2D7C13094AD}.Ad-Hoc|iPhone.ActiveCfg = Release|Any CPU
		{AEFB5D53-7096-4BFB-AEA6-A2D7C13094AD}.Ad-Hoc|iPhone.Build.0 = Release|Any CPU
		{AEFB5D53-7096-4BFB-AEA6-A2D7C13094AD}.Ad-Hoc|iPhoneSimulator.ActiveCfg = Release|Any CPU
		{AEFB5D53-7096-4BFB-AEA6-A2D7C13094AD}.Ad-Hoc|iPhoneSimulator.Build.0 = Release|Any CPU
		{AEFB5D53-7096-4BFB-AEA6-A2D7C13094AD}.Ad-Hoc|x64.ActiveCfg = Release|Any CPU
		{AEFB5D53-7096-4BFB-AEA6-A2D7C13094AD}.Ad-Hoc|x64.Build.0 = Release|Any CPU
		{AEFB5D53-7096-4BFB-AEA6-A2D7C13094AD}.Ad-Hoc|x86.ActiveCfg = Release|Any CPU
		{AEFB5D53-7096-4BFB-AEA6-A2D7C13094AD}.Ad-Hoc|x86.Build.0 = Release|Any CPU
		{AEFB5D53-7096-4BFB-AEA6-A2D7C13094AD}.AppStore|Any CPU.ActiveCfg = Release|Any CPU
		{AEFB5D53-7096-4BFB-AEA6-A2D7C13094AD}.AppStore|Any CPU.Build.0 = Release|Any CPU
		{AEFB5D53-7096-4BFB-AEA6-A2D7C13094AD}.AppStore|ARM.ActiveCfg = Release|Any CPU
		{AEFB5D53-7096-4BFB-AEA6-A2D7C13094AD}.AppStore|ARM.Build.0 = Release|Any CPU
		{AEFB5D53-7096-4BFB-AEA6-A2D7C13094AD}.AppStore|iPhone.ActiveCfg = Release|Any CPU
		{AEFB5D53-7096-4BFB-AEA6-A2D7C13094AD}.AppStore|iPhone.Build.0 = Release|Any CPU
		{AEFB5D53-7096-4BFB-AEA6-A2D7C13094AD}.AppStore|iPhoneSimulator.ActiveCfg = Release|Any CPU
		{AEFB5D53-7096-4BFB-AEA6-A2D7C13094AD}.AppStore|iPhoneSimulator.Build.0 = Release|Any CPU
		{AEFB5D53-7096-4BFB-AEA6-A2D7C13094AD}.AppStore|x64.ActiveCfg = Release|Any CPU
		{AEFB5D53-7096-4BFB-AEA6-A2D7C13094AD}.AppStore|x64.Build.0 = Release|Any CPU
		{AEFB5D53-7096-4BFB-AEA6-A2D7C13094AD}.AppStore|x86.ActiveCfg = Release|Any CPU
		{AEFB5D53-7096-4BFB-AEA6-A2D7C13094AD}.AppStore|x86.Build.0 = Release|Any CPU
		{AEFB5D53-7096-4BFB-AEA6-A2D7C13094AD}.Debug|Any CPU.ActiveCfg = Debug|Any CPU
		{AEFB5D53-7096-4BFB-AEA6-A2D7C13094AD}.Debug|Any CPU.Build.0 = Debug|Any CPU
		{AEFB5D53-7096-4BFB-AEA6-A2D7C13094AD}.Debug|ARM.ActiveCfg = Debug|Any CPU
		{AEFB5D53-7096-4BFB-AEA6-A2D7C13094AD}.Debug|ARM.Build.0 = Debug|Any CPU
		{AEFB5D53-7096-4BFB-AEA6-A2D7C13094AD}.Debug|iPhone.ActiveCfg = Debug|Any CPU
		{AEFB5D53-7096-4BFB-AEA6-A2D7C13094AD}.Debug|iPhone.Build.0 = Debug|Any CPU
		{AEFB5D53-7096-4BFB-AEA6-A2D7C13094AD}.Debug|iPhoneSimulator.ActiveCfg = Debug|Any CPU
		{AEFB5D53-7096-4BFB-AEA6-A2D7C13094AD}.Debug|iPhoneSimulator.Build.0 = Debug|Any CPU
		{AEFB5D53-7096-4BFB-AEA6-A2D7C13094AD}.Debug|x64.ActiveCfg = Debug|Any CPU
		{AEFB5D53-7096-4BFB-AEA6-A2D7C13094AD}.Debug|x64.Build.0 = Debug|Any CPU
		{AEFB5D53-7096-4BFB-AEA6-A2D7C13094AD}.Debug|x86.ActiveCfg = Debug|Any CPU
		{AEFB5D53-7096-4BFB-AEA6-A2D7C13094AD}.Debug|x86.Build.0 = Debug|Any CPU
		{AEFB5D53-7096-4BFB-AEA6-A2D7C13094AD}.Release|Any CPU.ActiveCfg = Release|Any CPU
		{AEFB5D53-7096-4BFB-AEA6-A2D7C13094AD}.Release|Any CPU.Build.0 = Release|Any CPU
		{AEFB5D53-7096-4BFB-AEA6-A2D7C13094AD}.Release|ARM.ActiveCfg = Release|Any CPU
		{AEFB5D53-7096-4BFB-AEA6-A2D7C13094AD}.Release|ARM.Build.0 = Release|Any CPU
		{AEFB5D53-7096-4BFB-AEA6-A2D7C13094AD}.Release|iPhone.ActiveCfg = Release|Any CPU
		{AEFB5D53-7096-4BFB-AEA6-A2D7C13094AD}.Release|iPhone.Build.0 = Release|Any CPU
		{AEFB5D53-7096-4BFB-AEA6-A2D7C13094AD}.Release|iPhoneSimulator.ActiveCfg = Release|Any CPU
		{AEFB5D53-7096-4BFB-AEA6-A2D7C13094AD}.Release|iPhoneSimulator.Build.0 = Release|Any CPU
		{AEFB5D53-7096-4BFB-AEA6-A2D7C13094AD}.Release|x64.ActiveCfg = Release|Any CPU
		{AEFB5D53-7096-4BFB-AEA6-A2D7C13094AD}.Release|x64.Build.0 = Release|Any CPU
		{AEFB5D53-7096-4BFB-AEA6-A2D7C13094AD}.Release|x86.ActiveCfg = Release|Any CPU
		{AEFB5D53-7096-4BFB-AEA6-A2D7C13094AD}.Release|x86.Build.0 = Release|Any CPU
		{F4889915-2ADE-483F-8104-5BCA51B654E6}.Ad-Hoc|Any CPU.ActiveCfg = Release|Any CPU
		{F4889915-2ADE-483F-8104-5BCA51B654E6}.Ad-Hoc|Any CPU.Build.0 = Release|Any CPU
		{F4889915-2ADE-483F-8104-5BCA51B654E6}.Ad-Hoc|ARM.ActiveCfg = Release|Any CPU
		{F4889915-2ADE-483F-8104-5BCA51B654E6}.Ad-Hoc|ARM.Build.0 = Release|Any CPU
		{F4889915-2ADE-483F-8104-5BCA51B654E6}.Ad-Hoc|iPhone.ActiveCfg = Release|Any CPU
		{F4889915-2ADE-483F-8104-5BCA51B654E6}.Ad-Hoc|iPhone.Build.0 = Release|Any CPU
		{F4889915-2ADE-483F-8104-5BCA51B654E6}.Ad-Hoc|iPhoneSimulator.ActiveCfg = Release|Any CPU
		{F4889915-2ADE-483F-8104-5BCA51B654E6}.Ad-Hoc|iPhoneSimulator.Build.0 = Release|Any CPU
		{F4889915-2ADE-483F-8104-5BCA51B654E6}.Ad-Hoc|x64.ActiveCfg = Release|Any CPU
		{F4889915-2ADE-483F-8104-5BCA51B654E6}.Ad-Hoc|x64.Build.0 = Release|Any CPU
		{F4889915-2ADE-483F-8104-5BCA51B654E6}.Ad-Hoc|x86.ActiveCfg = Release|Any CPU
		{F4889915-2ADE-483F-8104-5BCA51B654E6}.Ad-Hoc|x86.Build.0 = Release|Any CPU
		{F4889915-2ADE-483F-8104-5BCA51B654E6}.AppStore|Any CPU.ActiveCfg = Release|Any CPU
		{F4889915-2ADE-483F-8104-5BCA51B654E6}.AppStore|Any CPU.Build.0 = Release|Any CPU
		{F4889915-2ADE-483F-8104-5BCA51B654E6}.AppStore|ARM.ActiveCfg = Release|Any CPU
		{F4889915-2ADE-483F-8104-5BCA51B654E6}.AppStore|ARM.Build.0 = Release|Any CPU
		{F4889915-2ADE-483F-8104-5BCA51B654E6}.AppStore|iPhone.ActiveCfg = Release|Any CPU
		{F4889915-2ADE-483F-8104-5BCA51B654E6}.AppStore|iPhone.Build.0 = Release|Any CPU
		{F4889915-2ADE-483F-8104-5BCA51B654E6}.AppStore|iPhoneSimulator.ActiveCfg = Release|Any CPU
		{F4889915-2ADE-483F-8104-5BCA51B654E6}.AppStore|iPhoneSimulator.Build.0 = Release|Any CPU
		{F4889915-2ADE-483F-8104-5BCA51B654E6}.AppStore|x64.ActiveCfg = Release|Any CPU
		{F4889915-2ADE-483F-8104-5BCA51B654E6}.AppStore|x64.Build.0 = Release|Any CPU
		{F4889915-2ADE-483F-8104-5BCA51B654E6}.AppStore|x86.ActiveCfg = Release|Any CPU
		{F4889915-2ADE-483F-8104-5BCA51B654E6}.AppStore|x86.Build.0 = Release|Any CPU
		{F4889915-2ADE-483F-8104-5BCA51B654E6}.Debug|Any CPU.ActiveCfg = Debug|Any CPU
		{F4889915-2ADE-483F-8104-5BCA51B654E6}.Debug|Any CPU.Build.0 = Debug|Any CPU
		{F4889915-2ADE-483F-8104-5BCA51B654E6}.Debug|ARM.ActiveCfg = Debug|Any CPU
		{F4889915-2ADE-483F-8104-5BCA51B654E6}.Debug|ARM.Build.0 = Debug|Any CPU
		{F4889915-2ADE-483F-8104-5BCA51B654E6}.Debug|iPhone.ActiveCfg = Debug|Any CPU
		{F4889915-2ADE-483F-8104-5BCA51B654E6}.Debug|iPhone.Build.0 = Debug|Any CPU
		{F4889915-2ADE-483F-8104-5BCA51B654E6}.Debug|iPhoneSimulator.ActiveCfg = Debug|Any CPU
		{F4889915-2ADE-483F-8104-5BCA51B654E6}.Debug|iPhoneSimulator.Build.0 = Debug|Any CPU
		{F4889915-2ADE-483F-8104-5BCA51B654E6}.Debug|x64.ActiveCfg = Debug|Any CPU
		{F4889915-2ADE-483F-8104-5BCA51B654E6}.Debug|x64.Build.0 = Debug|Any CPU
		{F4889915-2ADE-483F-8104-5BCA51B654E6}.Debug|x86.ActiveCfg = Debug|Any CPU
		{F4889915-2ADE-483F-8104-5BCA51B654E6}.Debug|x86.Build.0 = Debug|Any CPU
		{F4889915-2ADE-483F-8104-5BCA51B654E6}.Release|Any CPU.ActiveCfg = Release|Any CPU
		{F4889915-2ADE-483F-8104-5BCA51B654E6}.Release|Any CPU.Build.0 = Release|Any CPU
		{F4889915-2ADE-483F-8104-5BCA51B654E6}.Release|ARM.ActiveCfg = Release|Any CPU
		{F4889915-2ADE-483F-8104-5BCA51B654E6}.Release|ARM.Build.0 = Release|Any CPU
		{F4889915-2ADE-483F-8104-5BCA51B654E6}.Release|iPhone.ActiveCfg = Release|Any CPU
		{F4889915-2ADE-483F-8104-5BCA51B654E6}.Release|iPhone.Build.0 = Release|Any CPU
		{F4889915-2ADE-483F-8104-5BCA51B654E6}.Release|iPhoneSimulator.ActiveCfg = Release|Any CPU
		{F4889915-2ADE-483F-8104-5BCA51B654E6}.Release|iPhoneSimulator.Build.0 = Release|Any CPU
		{F4889915-2ADE-483F-8104-5BCA51B654E6}.Release|x64.ActiveCfg = Release|Any CPU
		{F4889915-2ADE-483F-8104-5BCA51B654E6}.Release|x64.Build.0 = Release|Any CPU
		{F4889915-2ADE-483F-8104-5BCA51B654E6}.Release|x86.ActiveCfg = Release|Any CPU
		{F4889915-2ADE-483F-8104-5BCA51B654E6}.Release|x86.Build.0 = Release|Any CPU
	EndGlobalSection
	GlobalSection(SolutionProperties) = preSolution
		HideSolutionNode = FALSE
	EndGlobalSection
	GlobalSection(NestedProjects) = preSolution
		{F4889915-2ADE-483F-8104-5BCA51B654E6} = {F940A781-D4A4-4C57-8734-CFD6D30241CB}
	EndGlobalSection
EndGlobal
